
Microsoft Visual Studio Solution File, Format Version 12.00
# Visual Studio Version 17
VisualStudioVersion = 17.10.35201.131
MinimumVisualStudioVersion = 10.0.40219.1
Project("{FAE04EC0-301F-11D3-BF4B-00C04F79EFBC}") = "WolvenIconGenerator", "WolvenIconGenerator.csproj", "{FD3109E1-FC66-49E5-878A-7DF8D224BD19}"
EndProject
Global
	GlobalSection(SolutionConfigurationPlatforms) = preSolution
		Debug|Any CPU = Debug|Any CPU
		Release|Any CPU = Release|Any CPU
	EndGlobalSection
	GlobalSection(ProjectConfigurationPlatforms) = postSolution
		{FD3109E1-FC66-49E5-878A-7DF8D224BD19}.Debug|Any CPU.ActiveCfg = Debug|Any CPU
		{FD3109E1-FC66-49E5-878A-7DF8D224BD19}.Debug|Any CPU.Build.0 = Debug|Any CPU
		{FD3109E1-FC66-49E5-878A-7DF8D224BD19}.Release|Any CPU.ActiveCfg = Release|Any CPU
		{FD3109E1-FC66-49E5-878A-7DF8D224BD19}.Release|Any CPU.Build.0 = Release|Any CPU
	EndGlobalSection
	GlobalSection(SolutionProperties) = preSolution
		HideSolutionNode = FALSE
	EndGlobalSection
	GlobalSection(ExtensibilityGlobals) = postSolution
		SolutionGuid = {C28AABB2-2CDA-4408-804D-A8440563FB80}
	EndGlobalSection
EndGlobal
